
Microsoft Visual Studio Solution File, Format Version 12.00
# Visual Studio Version 16
VisualStudioVersion = 16.0.31729.503
MinimumVisualStudioVersion = 10.0.40219.1
Project("{888888A0-9F3D-457C-B088-3A5042F75D52}") = "lab3web", "lab3web.pyproj", "{44B14B8B-4A86-4E04-92A4-1AEF18940E36}"
EndProject
Global
	GlobalSection(SolutionConfigurationPlatforms) = preSolution
		Debug|Any CPU = Debug|Any CPU
		Release|Any CPU = Release|Any CPU
	EndGlobalSection
	GlobalSection(ProjectConfigurationPlatforms) = postSolution
		{44B14B8B-4A86-4E04-92A4-1AEF18940E36}.Debug|Any CPU.ActiveCfg = Debug|Any CPU
		{44B14B8B-4A86-4E04-92A4-1AEF18940E36}.Release|Any CPU.ActiveCfg = Release|Any CPU
	EndGlobalSection
	GlobalSection(SolutionProperties) = preSolution
		HideSolutionNode = FALSE
	EndGlobalSection
	GlobalSection(ExtensibilityGlobals) = postSolution
		SolutionGuid = {FB4F8599-A5C2-4143-BD7F-714378FE8F6A}
	EndGlobalSection
EndGlobal
